
Microsoft Visual Studio Solution File, Format Version 12.00
# Visual Studio Version 18
VisualStudioVersion = 18.4.11612.150
MinimumVisualStudioVersion = 10.0.40219.1
Project("{2150E333-8FDC-42A3-9474-1A3956D46DE8}") = "Api", "Api", "{6FCAE18B-5F95-47B2-BF3A-39A2C4FF4CB8}"
EndProject
Project("{FAE04EC0-301F-11D3-BF4B-00C04F79EFBC}") = "Chat.App.Api", "src\Api\Chat.App.Api\Chat.App.Api.csproj", "{541FD9FE-75DF-41E3-A62F-B31BBE5F5009}"
EndProject
Project("{FAE04EC0-301F-11D3-BF4B-00C04F79EFBC}") = "Chat.App.Application", "src\Application\Chat.App.Application\Chat.App.Application.csproj", "{61E0EB67-576F-4DFD-A62B-283EDD079E06}"
EndProject
Project("{FAE04EC0-301F-11D3-BF4B-00C04F79EFBC}") = "Chat.App.Database.Abstraction", "src\Infrastructure\Chat.App.Database.Abstraction\Chat.App.Database.Abstraction.csproj", "{F5701796-7AFD-4A4A-BC15-DCC91784F8AE}"
EndProject
Project("{FAE04EC0-301F-11D3-BF4B-00C04F79EFBC}") = "Chat.App.Database", "src\Infrastructure\Chat.App.Database\Chat.App.Database.csproj", "{D9BA5ED4-CAA8-4C93-87D0-B91149B4229A}"
EndProject
Project("{2150E333-8FDC-42A3-9474-1A3956D46DE8}") = "Shared", "Shared", "{4F52FD11-658E-A102-6CD3-7D7C16FFA15B}"
EndProject
Project("{FAE04EC0-301F-11D3-BF4B-00C04F79EFBC}") = "Chat.App.Contract", "src\Shared\Chat.App.Contract\Chat.App.Contract.csproj", "{B2B5771E-0825-4EC2-8FDA-2512A6C367F1}"
EndProject
Project("{FAE04EC0-301F-11D3-BF4B-00C04F79EFBC}") = "Chat.App.JWT", "src\Infrastructure\Chat.App.JWT\Chat.App.JWT.csproj", "{4ACCB708-A3FA-4ADA-857B-9A83B02664F7}"
EndProject
Project("{FAE04EC0-301F-11D3-BF4B-00C04F79EFBC}") = "ChatApp.Http", "src\Shared\ChatApp.Http\ChatApp.Http.csproj", "{FC00B4B7-0F76-435B-9525-EB27BBED8C24}"
EndProject
Project("{2150E333-8FDC-42A3-9474-1A3956D46DE8}") = "Infrastructure", "Infrastructure", "{DFEE68D8-A7D0-1A41-506C-9B74AA9A7B7B}"
EndProject
Project("{FAE04EC0-301F-11D3-BF4B-00C04F79EFBC}") = "Chat.App.Websockets", "src\Infrastructure\Chat.App.Websockets\Chat.App.Websockets.csproj", "{E3AB34E8-3F15-49CD-90AD-1C8F092CDE1F}"
EndProject
Project("{2150E333-8FDC-42A3-9474-1A3956D46DE8}") = "Desktop", "Desktop", "{2951E765-5F77-95BA-3D85-F41283DA5914}"
EndProject
Project("{FAE04EC0-301F-11D3-BF4B-00C04F79EFBC}") = "Chat.App.Wpf", "src\Desktop\Chat.App.Wpf\Chat.App.Wpf.csproj", "{9785164B-5BA4-47C0-8DEB-69488F67A623}"
EndProject
Global
	GlobalSection(SolutionConfigurationPlatforms) = preSolution
		Debug|Any CPU = Debug|Any CPU
		Debug|x64 = Debug|x64
		Debug|x86 = Debug|x86
		Release|Any CPU = Release|Any CPU
		Release|x64 = Release|x64
		Release|x86 = Release|x86
	EndGlobalSection
	GlobalSection(ProjectConfigurationPlatforms) = postSolution
		{541FD9FE-75DF-41E3-A62F-B31BBE5F5009}.Debug|Any CPU.ActiveCfg = Debug|Any CPU
		{541FD9FE-75DF-41E3-A62F-B31BBE5F5009}.Debug|Any CPU.Build.0 = Debug|Any CPU
		{541FD9FE-75DF-41E3-A62F-B31BBE5F5009}.Debug|x64.ActiveCfg = Debug|Any CPU
		{541FD9FE-75DF-41E3-A62F-B31BBE5F5009}.Debug|x64.Build.0 = Debug|Any CPU
		{541FD9FE-75DF-41E3-A62F-B31BBE5F5009}.Debug|x86.ActiveCfg = Debug|Any CPU
		{541FD9FE-75DF-41E3-A62F-B31BBE5F5009}.Debug|x86.Build.0 = Debug|Any CPU
		{541FD9FE-75DF-41E3-A62F-B31BBE5F5009}.Release|Any CPU.ActiveCfg = Release|Any CPU
		{541FD9FE-75DF-41E3-A62F-B31BBE5F5009}.Release|Any CPU.Build.0 = Release|Any CPU
		{541FD9FE-75DF-41E3-A62F-B31BBE5F5009}.Release|x64.ActiveCfg = Release|Any CPU
		{541FD9FE-75DF-41E3-A62F-B31BBE5F5009}.Release|x64.Build.0 = Release|Any CPU
		{541FD9FE-75DF-41E3-A62F-B31BBE5F5009}.Release|x86.ActiveCfg = Release|Any CPU
		{541FD9FE-75DF-41E3-A62F-B31BBE5F5009}.Release|x86.Build.0 = Release|Any CPU
		{61E0EB67-576F-4DFD-A62B-283EDD079E06}.Debug|Any CPU.ActiveCfg = Debug|Any CPU
		{61E0EB67-576F-4DFD-A62B-283EDD079E06}.Debug|Any CPU.Build.0 = Debug|Any CPU
		{61E0EB67-576F-4DFD-A62B-283EDD079E06}.Debug|x64.ActiveCfg = Debug|Any CPU
		{61E0EB67-576F-4DFD-A62B-283EDD079E06}.Debug|x64.Build.0 = Debug|Any CPU
		{61E0EB67-576F-4DFD-A62B-283EDD079E06}.Debug|x86.ActiveCfg = Debug|Any CPU
		{61E0EB67-576F-4DFD-A62B-283EDD079E06}.Debug|x86.Build.0 = Debug|Any CPU
		{61E0EB67-576F-4DFD-A62B-283EDD079E06}.Release|Any CPU.ActiveCfg = Release|Any CPU
		{61E0EB67-576F-4DFD-A62B-283EDD079E06}.Release|Any CPU.Build.0 = Release|Any CPU
		{61E0EB67-576F-4DFD-A62B-283EDD079E06}.Release|x64.ActiveCfg = Release|Any CPU
		{61E0EB67-576F-4DFD-A62B-283EDD079E06}.Release|x64.Build.0 = Release|Any CPU
		{61E0EB67-576F-4DFD-A62B-283EDD079E06}.Release|x86.ActiveCfg = Release|Any CPU
		{61E0EB67-576F-4DFD-A62B-283EDD079E06}.Release|x86.Build.0 = Release|Any CPU
		{F5701796-7AFD-4A4A-BC15-DCC91784F8AE}.Debug|Any CPU.ActiveCfg = Debug|Any CPU
		{F5701796-7AFD-4A4A-BC15-DCC91784F8AE}.Debug|Any CPU.Build.0 = Debug|Any CPU
		{F5701796-7AFD-4A4A-BC15-DCC91784F8AE}.Debug|x64.ActiveCfg = Debug|Any CPU
		{F5701796-7AFD-4A4A-BC15-DCC91784F8AE}.Debug|x64.Build.0 = Debug|Any CPU
		{F5701796-7AFD-4A4A-BC15-DCC91784F8AE}.Debug|x86.ActiveCfg = Debug|Any CPU
		{F5701796-7AFD-4A4A-BC15-DCC91784F8AE}.Debug|x86.Build.0 = Debug|Any CPU
		{F5701796-7AFD-4A4A-BC15-DCC91784F8AE}.Release|Any CPU.ActiveCfg = Release|Any CPU
		{F5701796-7AFD-4A4A-BC15-DCC91784F8AE}.Release|Any CPU.Build.0 = Release|Any CPU
		{F5701796-7AFD-4A4A-BC15-DCC91784F8AE}.Release|x64.ActiveCfg = Release|Any CPU
		{F5701796-7AFD-4A4A-BC15-DCC91784F8AE}.Release|x64.Build.0 = Release|Any CPU
		{F5701796-7AFD-4A4A-BC15-DCC91784F8AE}.Release|x86.ActiveCfg = Release|Any CPU
		{F5701796-7AFD-4A4A-BC15-DCC91784F8AE}.Release|x86.Build.0 = Release|Any CPU
		{D9BA5ED4-CAA8-4C93-87D0-B91149B4229A}.Debug|Any CPU.ActiveCfg = Debug|Any CPU
		{D9BA5ED4-CAA8-4C93-87D0-B91149B4229A}.Debug|Any CPU.Build.0 = Debug|Any CPU
		{D9BA5ED4-CAA8-4C93-87D0-B91149B4229A}.Debug|x64.ActiveCfg = Debug|Any CPU
		{D9BA5ED4-CAA8-4C93-87D0-B91149B4229A}.Debug|x64.Build.0 = Debug|Any CPU
		{D9BA5ED4-CAA8-4C93-87D0-B91149B4229A}.Debug|x86.ActiveCfg = Debug|Any CPU
		{D9BA5ED4-CAA8-4C93-87D0-B91149B4229A}.Debug|x86.Build.0 = Debug|Any CPU
		{D9BA5ED4-CAA8-4C93-87D0-B91149B4229A}.Release|Any CPU.ActiveCfg = Release|Any CPU
		{D9BA5ED4-CAA8-4C93-87D0-B91149B4229A}.Release|Any CPU.Build.0 = Release|Any CPU
		{D9BA5ED4-CAA8-4C93-87D0-B91149B4229A}.Release|x64.ActiveCfg = Release|Any CPU
		{D9BA5ED4-CAA8-4C93-87D0-B91149B4229A}.Release|x64.Build.0 = Release|Any CPU
		{D9BA5ED4-CAA8-4C93-87D0-B91149B4229A}.Release|x86.ActiveCfg = Release|Any CPU
		{D9BA5ED4-CAA8-4C93-87D0-B91149B4229A}.Release|x86.Build.0 = Release|Any CPU
		{B2B5771E-0825-4EC2-8FDA-2512A6C367F1}.Debug|Any CPU.ActiveCfg = Debug|Any CPU
		{B2B5771E-0825-4EC2-8FDA-2512A6C367F1}.Debug|Any CPU.Build.0 = Debug|Any CPU
		{B2B5771E-0825-4EC2-8FDA-2512A6C367F1}.Debug|x64.ActiveCfg = Debug|Any CPU
		{B2B5771E-0825-4EC2-8FDA-2512A6C367F1}.Debug|x64.Build.0 = Debug|Any CPU
		{B2B5771E-0825-4EC2-8FDA-2512A6C367F1}.Debug|x86.ActiveCfg = Debug|Any CPU
		{B2B5771E-0825-4EC2-8FDA-2512A6C367F1}.Debug|x86.Build.0 = Debug|Any CPU
		{B2B5771E-0825-4EC2-8FDA-2512A6C367F1}.Release|Any CPU.ActiveCfg = Release|Any CPU
		{B2B5771E-0825-4EC2-8FDA-2512A6C367F1}.Release|Any CPU.Build.0 = Release|Any CPU
		{B2B5771E-0825-4EC2-8FDA-2512A6C367F1}.Release|x64.ActiveCfg = Release|Any CPU
		{B2B5771E-0825-4EC2-8FDA-2512A6C367F1}.Release|x64.Build.0 = Release|Any CPU
		{B2B5771E-0825-4EC2-8FDA-2512A6C367F1}.Release|x86.ActiveCfg = Release|Any CPU
		{B2B5771E-0825-4EC2-8FDA-2512A6C367F1}.Release|x86.Build.0 = Release|Any CPU
		{4ACCB708-A3FA-4ADA-857B-9A83B02664F7}.Debug|Any CPU.ActiveCfg = Debug|Any CPU
		{4ACCB708-A3FA-4ADA-857B-9A83B02664F7}.Debug|Any CPU.Build.0 = Debug|Any CPU
		{4ACCB708-A3FA-4ADA-857B-9A83B02664F7}.Debug|x64.ActiveCfg = Debug|Any CPU
		{4ACCB708-A3FA-4ADA-857B-9A83B02664F7}.Debug|x64.Build.0 = Debug|Any CPU
		{4ACCB708-A3FA-4ADA-857B-9A83B02664F7}.Debug|x86.ActiveCfg = Debug|Any CPU
		{4ACCB708-A3FA-4ADA-857B-9A83B02664F7}.Debug|x86.Build.0 = Debug|Any CPU
		{4ACCB708-A3FA-4ADA-857B-9A83B02664F7}.Release|Any CPU.ActiveCfg = Release|Any CPU
		{4ACCB708-A3FA-4ADA-857B-9A83B02664F7}.Release|Any CPU.Build.0 = Release|Any CPU
		{4ACCB708-A3FA-4ADA-857B-9A83B02664F7}.Release|x64.ActiveCfg = Release|Any CPU
		{4ACCB708-A3FA-4ADA-857B-9A83B02664F7}.Release|x64.Build.0 = Release|Any CPU
		{4ACCB708-A3FA-4ADA-857B-9A83B02664F7}.Release|x86.ActiveCfg = Release|Any CPU
		{4ACCB708-A3FA-4ADA-857B-9A83B02664F7}.Release|x86.Build.0 = Release|Any CPU
		{FC00B4B7-0F76-435B-9525-EB27BBED8C24}.Debug|Any CPU.ActiveCfg = Debug|Any CPU
		{FC00B4B7-0F76-435B-9525-EB27BBED8C24}.Debug|Any CPU.Build.0 = Debug|Any CPU
		{FC00B4B7-0F76-435B-9525-EB27BBED8C24}.Debug|x64.ActiveCfg = Debug|Any CPU
		{FC00B4B7-0F76-435B-9525-EB27BBED8C24}.Debug|x64.Build.0 = Debug|Any CPU
		{FC00B4B7-0F76-435B-9525-EB27BBED8C24}.Debug|x86.ActiveCfg = Debug|Any CPU
		{FC00B4B7-0F76-435B-9525-EB27BBED8C24}.Debug|x86.Build.0 = Debug|Any CPU
		{FC00B4B7-0F76-435B-9525-EB27BBED8C24}.Release|Any CPU.ActiveCfg = Release|Any CPU
		{FC00B4B7-0F76-435B-9525-EB27BBED8C24}.Release|Any CPU.Build.0 = Release|Any CPU
		{FC00B4B7-0F76-435B-9525-EB27BBED8C24}.Release|x64.ActiveCfg = Release|Any CPU
		{FC00B4B7-0F76-435B-9525-EB27BBED8C24}.Release|x64.Build.0 = Release|Any CPU
		{FC00B4B7-0F76-435B-9525-EB27BBED8C24}.Release|x86.ActiveCfg = Release|Any CPU
		{FC00B4B7-0F76-435B-9525-EB27BBED8C24}.Release|x86.Build.0 = Release|Any CPU
		{E3AB34E8-3F15-49CD-90AD-1C8F092CDE1F}.Debug|Any CPU.ActiveCfg = Debug|Any CPU
		{E3AB34E8-3F15-49CD-90AD-1C8F092CDE1F}.Debug|Any CPU.Build.0 = Debug|Any CPU
		{E3AB34E8-3F15-49CD-90AD-1C8F092CDE1F}.Debug|x64.ActiveCfg = Debug|Any CPU
		{E3AB34E8-3F15-49CD-90AD-1C8F092CDE1F}.Debug|x64.Build.0 = Debug|Any CPU
		{E3AB34E8-3F15-49CD-90AD-1C8F092CDE1F}.Debug|x86.ActiveCfg = Debug|Any CPU
		{E3AB34E8-3F15-49CD-90AD-1C8F092CDE1F}.Debug|x86.Build.0 = Debug|Any CPU
		{E3AB34E8-3F15-49CD-90AD-1C8F092CDE1F}.Release|Any CPU.ActiveCfg = Release|Any CPU
		{E3AB34E8-3F15-49CD-90AD-1C8F092CDE1F}.Release|Any CPU.Build.0 = Release|Any CPU
		{E3AB34E8-3F15-49CD-90AD-1C8F092CDE1F}.Release|x64.ActiveCfg = Release|Any CPU
		{E3AB34E8-3F15-49CD-90AD-1C8F092CDE1F}.Release|x64.Build.0 = Release|Any CPU
		{E3AB34E8-3F15-49CD-90AD-1C8F092CDE1F}.Release|x86.ActiveCfg = Release|Any CPU
		{E3AB34E8-3F15-49CD-90AD-1C8F092CDE1F}.Release|x86.Build.0 = Release|Any CPU
		{9785164B-5BA4-47C0-8DEB-69488F67A623}.Debug|Any CPU.ActiveCfg = Debug|Any CPU
		{9785164B-5BA4-47C0-8DEB-69488F67A623}.Debug|Any CPU.Build.0 = Debug|Any CPU
		{9785164B-5BA4-47C0-8DEB-69488F67A623}.Debug|x64.ActiveCfg = Debug|Any CPU
		{9785164B-5BA4-47C0-8DEB-69488F67A623}.Debug|x64.Build.0 = Debug|Any CPU
		{9785164B-5BA4-47C0-8DEB-69488F67A623}.Debug|x86.ActiveCfg = Debug|Any CPU
		{9785164B-5BA4-47C0-8DEB-69488F67A623}.Debug|x86.Build.0 = Debug|Any CPU
		{9785164B-5BA4-47C0-8DEB-69488F67A623}.Release|Any CPU.ActiveCfg = Release|Any CPU
		{9785164B-5BA4-47C0-8DEB-69488F67A623}.Release|Any CPU.Build.0 = Release|Any CPU
		{9785164B-5BA4-47C0-8DEB-69488F67A623}.Release|x64.ActiveCfg = Release|Any CPU
		{9785164B-5BA4-47C0-8DEB-69488F67A623}.Release|x64.Build.0 = Release|Any CPU
		{9785164B-5BA4-47C0-8DEB-69488F67A623}.Release|x86.ActiveCfg = Release|Any CPU
		{9785164B-5BA4-47C0-8DEB-69488F67A623}.Release|x86.Build.0 = Release|Any CPU
	EndGlobalSection
	GlobalSection(SolutionProperties) = preSolution
		HideSolutionNode = FALSE
	EndGlobalSection
	GlobalSection(NestedProjects) = preSolution
		{541FD9FE-75DF-41E3-A62F-B31BBE5F5009} = {6FCAE18B-5F95-47B2-BF3A-39A2C4FF4CB8}
		{61E0EB67-576F-4DFD-A62B-283EDD079E06} = {6FCAE18B-5F95-47B2-BF3A-39A2C4FF4CB8}
		{F5701796-7AFD-4A4A-BC15-DCC91784F8AE} = {6FCAE18B-5F95-47B2-BF3A-39A2C4FF4CB8}
		{D9BA5ED4-CAA8-4C93-87D0-B91149B4229A} = {6FCAE18B-5F95-47B2-BF3A-39A2C4FF4CB8}
		{B2B5771E-0825-4EC2-8FDA-2512A6C367F1} = {4F52FD11-658E-A102-6CD3-7D7C16FFA15B}
		{4ACCB708-A3FA-4ADA-857B-9A83B02664F7} = {DFEE68D8-A7D0-1A41-506C-9B74AA9A7B7B}
		{FC00B4B7-0F76-435B-9525-EB27BBED8C24} = {4F52FD11-658E-A102-6CD3-7D7C16FFA15B}
		{E3AB34E8-3F15-49CD-90AD-1C8F092CDE1F} = {DFEE68D8-A7D0-1A41-506C-9B74AA9A7B7B}
		{9785164B-5BA4-47C0-8DEB-69488F67A623} = {2951E765-5F77-95BA-3D85-F41283DA5914}
	EndGlobalSection
	GlobalSection(ExtensibilityGlobals) = postSolution
		SolutionGuid = {6C4FF111-8031-4B0F-87B3-3CE60B649EA0}
	EndGlobalSection
EndGlobal
